// !$*UTF8*$!
{
	archiveVersion = 1;
	classes = {
	};
	objectVersion = 46;
	objects = {

/* Begin PBXBuildFile section */
		50E669FC166BBBDA00D657D8 /* UIKit.framework in Frameworks */ = {isa = PBXBuildFile; fileRef = 50E669FB166BBBDA00D657D8 /* UIKit.framework */; };
		50E669FE166BBBDA00D657D8 /* Foundation.framework in Frameworks */ = {isa = PBXBuildFile; fileRef = 50E669FD166BBBDA00D657D8 /* Foundation.framework */; };
		50E66A00166BBBDA00D657D8 /* CoreGraphics.framework in Frameworks */ = {isa = PBXBuildFile; fileRef = 50E669FF166BBBDA00D657D8 /* CoreGraphics.framework */; };
		50E66A06166BBBDA00D657D8 /* InfoPlist.strings in Resources */ = {isa = PBXBuildFile; fileRef = 50E66A04166BBBDA00D657D8 /* InfoPlist.strings */; };
		50E66A08166BBBDA00D657D8 /* main.m in Sources */ = {isa = PBXBuildFile; fileRef = 50E66A07166BBBDA00D657D8 /* main.m */; };
		50E66A0C166BBBDA00D657D8 /* AppDelegate.m in Sources */ = {isa = PBXBuildFile; fileRef = 50E66A0B166BBBDA00D657D8 /* AppDelegate.m */; };
		50E66A0E166BBBDA00D657D8 /* Default.png in Resources */ = {isa = PBXBuildFile; fileRef = 50E66A0D166BBBDA00D657D8 /* Default.png */; };
		50E66A10166BBBDA00D657D8 /* Default@2x.png in Resources */ = {isa = PBXBuildFile; fileRef = 50E66A0F166BBBDA00D657D8 /* Default@2x.png */; };
		50E66A12166BBBDA00D657D8 /* Default-568h@2x.png in Resources */ = {isa = PBXBuildFile; fileRef = 50E66A11166BBBDA00D657D8 /* Default-568h@2x.png */; };
		50E66A15166BBBDA00D657D8 /* MainStoryboard.storyboard in Resources */ = {isa = PBXBuildFile; fileRef = 50E66A13166BBBDA00D657D8 /* MainStoryboard.storyboard */; };
		50E66A18166BBBDA00D657D8 /* ViewController.m in Sources */ = {isa = PBXBuildFile; fileRef = 50E66A17166BBBDA00D657D8 /* ViewController.m */; };
/* End PBXBuildFile section */

/* Begin PBXFileReference section */
		50E669F7166BBBDA00D657D8 /* ButtonPersistence.app */ = {isa = PBXFileReference; explicitFileType = wrapper.application; includeInIndex = 0; path = ButtonPersistence.app; sourceTree = BUILT_PRODUCTS_DIR; };
		50E669FB166BBBDA00D657D8 /* UIKit.framework */ = {isa = PBXFileReference; lastKnownFileType = wrapper.framework; name = UIKit.framework; path = System/Library/Frameworks/UIKit.framework; sourceTree = SDKROOT; };
		50E669FD166BBBDA00D657D8 /* Foundation.framework */ = {isa = PBXFileReference; lastKnownFileType = wrapper.framework; name = Foundation.framework; path = System/Library/Frameworks/Foundation.framework; sourceTree = SDKROOT; };
		50E669FF166BBBDA00D657D8 /* CoreGraphics.framework */ = {isa = PBXFileReference; lastKnownFileType = wrapper.framework; name = CoreGraphics.framework; path = System/Library/Frameworks/CoreGraphics.framework; sourceTree = SDKROOT; };
		50E66A03166BBBDA00D657D8 /* ButtonPersistence-Info.plist */ = {isa = PBXFileReference; lastKnownFileType = text.plist.xml; path = "ButtonPersistence-Info.plist"; sourceTree = "<group>"; };
		50E66A05166BBBDA00D657D8 /* en */ = {isa = PBXFileReference; lastKnownFileType = text.plist.strings; name = en; path = en.lproj/InfoPlist.strings; sourceTree = "<group>"; };
		50E66A07166BBBDA00D657D8 /* main.m */ = {isa = PBXFileReference; lastKnownFileType = sourcecode.c.objc; path = main.m; sourceTree = "<group>"; };
		50E66A09166BBBDA00D657D8 /* ButtonPersistence-Prefix.pch */ = {isa = PBXFileReference; lastKnownFileType = sourcecode.c.h; path = "ButtonPersistence-Prefix.pch"; sourceTree = "<group>"; };
		50E66A0A166BBBDA00D657D8 /* AppDelegate.h */ = {isa = PBXFileReference; lastKnownFileType = sourcecode.c.h; path = AppDelegate.h; sourceTree = "<group>"; };
		50E66A0B166BBBDA00D657D8 /* AppDelegate.m */ = {isa = PBXFileReference; lastKnownFileType = sourcecode.c.objc; path = AppDelegate.m; sourceTree = "<group>"; };
		50E66A0D166BBBDA00D657D8 /* Default.png */ = {isa = PBXFileReference; lastKnownFileType = image.png; path = Default.png; sourceTree = "<group>"; };
		50E66A0F166BBBDA00D657D8 /* Default@2x.png */ = {isa = PBXFileReference; lastKnownFileType = image.png; path = "Default@2x.png"; sourceTree = "<group>"; };
		50E66A11166BBBDA00D657D8 /* Default-568h@2x.png */ = {isa = PBXFileReference; lastKnownFileType = image.png; path = "Default-568h@2x.png"; sourceTree = "<group>"; };
		50E66A14166BBBDA00D657D8 /* en */ = {isa = PBXFileReference; lastKnownFileType = file.storyboard; name = en; path = en.lproj/MainStoryboard.storyboard; sourceTree = "<group>"; };
		50E66A16166BBBDA00D657D8 /* ViewController.h */ = {isa = PBXFileReference; lastKnownFileType = sourcecode.c.h; path = ViewController.h; sourceTree = "<group>"; };
		50E66A17166BBBDA00D657D8 /* ViewController.m */ = {isa = PBXFileReference; lastKnownFileType = sourcecode.c.objc; path = ViewController.m; sourceTree = "<group>"; };
/* End PBXFileReference section */

/* Begin PBXFrameworksBuildPhase section */
		50E669F4166BBBDA00D657D8 /* Frameworks */ = {
			isa = PBXFrameworksBuildPhase;
			buildActionMask = 2147483647;
			files = (
				50E669FC166BBBDA00D657D8 /* UIKit.framework in Frameworks */,
				50E669FE166BBBDA00D657D8 /* Foundation.framework in Frameworks */,
				50E66A00166BBBDA00D657D8 /* CoreGraphics.framework in Frameworks */,
			);
			runOnlyForDeploymentPostprocessing = 0;
		};
/* End PBXFrameworksBuildPhase section */

/* Begin PBXGroup section */
		50E669EC166BBBDA00D657D8 = {
			isa = PBXGroup;
			children = (
				50E66A01166BBBDA00D657D8 /* ButtonPersistence */,
				50E669FA166BBBDA00D657D8 /* Frameworks */,
				50E669F8166BBBDA00D657D8 /* Products */,
			);
			sourceTree = "<group>";
		};
		50E669F8166BBBDA00D657D8 /* Products */ = {
			isa = PBXGroup;
			children = (
				50E669F7166BBBDA00D657D8 /* ButtonPersistence.app */,
			);
			name = Products;
			sourceTree = "<group>";
		};
		50E669FA166BBBDA00D657D8 /* Frameworks */ = {
			isa = PBXGroup;
			children = (
				50E669FB166BBBDA00D657D8 /* UIKit.framework */,
				50E669FD166BBBDA00D657D8 /* Foundation.framework */,
				50E669FF166BBBDA00D657D8 /* CoreGraphics.framework */,
			);
			name = Frameworks;
			sourceTree = "<group>";
		};
		50E66A01166BBBDA00D657D8 /* ButtonPersistence */ = {
			isa = PBXGroup;
			children = (
				50E66A0A166BBBDA00D657D8 /* AppDelegate.h */,
				50E66A0B166BBBDA00D657D8 /* AppDelegate.m */,
				50E66A13166BBBDA00D657D8 /* MainStoryboard.storyboard */,
				50E66A16166BBBDA00D657D8 /* ViewController.h */,
				50E66A17166BBBDA00D657D8 /* ViewController.m */,
				50E66A02166BBBDA00D657D8 /* Supporting Files */,
			);
			path = ButtonPersistence;
			sourceTree = "<group>";
		};
		50E66A02166BBBDA00D657D8 /* Supporting Files */ = {
			isa = PBXGroup;
			children = (
				50E66A03166BBBDA00D657D8 /* ButtonPersistence-Info.plist */,
				50E66A04166BBBDA00D657D8 /* InfoPlist.strings */,
				50E66A07166BBBDA00D657D8 /* main.m */,
				50E66A09166BBBDA00D657D8 /* ButtonPersistence-Prefix.pch */,
				50E66A0D166BBBDA00D657D8 /* Default.png */,
				50E66A0F166BBBDA00D657D8 /* Default@2x.png */,
				50E66A11166BBBDA00D657D8 /* Default-568h@2x.png */,
			);
			name = "Supporting Files";
			sourceTree = "<group>";
		};
/* End PBXGroup section */

/* Begin PBXNativeTarget section */
		50E669F6166BBBDA00D657D8 /* ButtonPersistence */ = {
			isa = PBXNativeTarget;
			buildConfigurationList = 50E66A1B166BBBDA00D657D8 /* Build configuration list for PBXNativeTarget "ButtonPersistence" */;
			buildPhases = (
				50E669F3166BBBDA00D657D8 /* Sources */,
				50E669F4166BBBDA00D657D8 /* Frameworks */,
				50E669F5166BBBDA00D657D8 /* Resources */,
			);
			buildRules = (
			);
			dependencies = (
			);
			name = ButtonPersistence;
			productName = ButtonPersistence;
			productReference = 50E669F7166BBBDA00D657D8 /* ButtonPersistence.app */;
			productType = "com.apple.product-type.application";
		};
/* End PBXNativeTarget section */

/* Begin PBXProject section */
		50E669EE166BBBDA00D657D8 /* Project object */ = {
			isa = PBXProject;
			attributes = {
				LastUpgradeCheck = 0450;
				ORGANIZATIONNAME = Max;
			};
			buildConfigurationList = 50E669F1166BBBDA00D657D8 /* Build configuration list for PBXProject "ButtonPersistence" */;
			compatibilityVersion = "Xcode 3.2";
			developmentRegion = English;
			hasScannedForEncodings = 0;
			knownRegions = (
				en,
			);
			mainGroup = 50E669EC166BBBDA00D657D8;
			productRefGroup = 50E669F8166BBBDA00D657D8 /* Products */;
			projectDirPath = "";
			projectRoot = "";
			targets = (
				50E669F6166BBBDA00D657D8 /* ButtonPersistence */,
			);
		};
/* End PBXProject section */

/* Begin PBXResourcesBuildPhase section */
		50E669F5166BBBDA00D657D8 /* Resources */ = {
			isa = PBXResourcesBuildPhase;
			buildActionMask = 2147483647;
			files = (
				50E66A06166BBBDA00D657D8 /* InfoPlist.strings in Resources */,
				50E66A0E166BBBDA00D657D8 /* Default.png in Resources */,
				50E66A10166BBBDA00D657D8 /* Default@2x.png in Resources */,
				50E66A12166BBBDA00D657D8 /* Default-568h@2x.png in Resources */,
				50E66A15166BBBDA00D657D8 /* MainStoryboard.storyboard in Resources */,
			);
			runOnlyForDeploymentPostprocessing = 0;
		};
/* End PBXResourcesBuildPhase section */

/* Begin PBXSourcesBuildPhase section */
		50E669F3166BBBDA00D657D8 /* Sources */ = {
			isa = PBXSourcesBuildPhase;
			buildActionMask = 2147483647;
			files = (
				50E66A08166BBBDA00D657D8 /* main.m in Sources */,
				50E66A0C166BBBDA00D657D8 /* AppDelegate.m in Sources */,
				50E66A18166BBBDA00D657D8 /* ViewController.m in Sources */,
			);
			runOnlyForDeploymentPostprocessing = 0;
		};
/* End PBXSourcesBuildPhase section */

/* Begin PBXVariantGroup section */
		50E66A04166BBBDA00D657D8 /* InfoPlist.strings */ = {
			isa = PBXVariantGroup;
			children = (
				50E66A05166BBBDA00D657D8 /* en */,
			);
			name = InfoPlist.strings;
			sourceTree = "<group>";
		};
		50E66A13166BBBDA00D657D8 /* MainStoryboard.storyboard */ = {
			isa = PBXVariantGroup;
			children = (
				50E66A14166BBBDA00D657D8 /* en */,
			);
			name = MainStoryboard.storyboard;
			sourceTree = "<group>";
		};
/* End PBXVariantGroup section */

/* Begin XCBuildConfiguration section */
		50E66A19166BBBDA00D657D8 /* Debug */ = {
			isa = XCBuildConfiguration;
			buildSettings = {
				ALWAYS_SEARCH_USER_PATHS = NO;
				CLANG_CXX_LANGUAGE_STANDARD = "gnu++0x";
				CLANG_CXX_LIBRARY = "libc++";
				CLANG_ENABLE_OBJC_ARC = YES;
				CLANG_WARN_EMPTY_BODY = YES;
				CLANG_WARN__DUPLICATE_METHOD_MATCH = YES;
				"CODE_SIGN_IDENTITY[sdk=iphoneos*]" = "iPhone Developer";
				COPY_PHASE_STRIP = NO;
				GCC_C_LANGUAGE_STANDARD = gnu99;
				GCC_DYNAMIC_NO_PIC = NO;
				GCC_OPTIMIZATION_LEVEL = 0;
				GCC_PREPROCESSOR_DEFINITIONS = (
					"DEBUG=1",
					"$(inherited)",
				);
				GCC_SYMBOLS_PRIVATE_EXTERN = NO;
				GCC_WARN_ABOUT_RETURN_TYPE = YES;
				GCC_WARN_UNINITIALIZED_AUTOS = YES;
				GCC_WARN_UNUSED_VARIABLE = YES;
				IPHONEOS_DEPLOYMENT_TARGET = 6.0;
				ONLY_ACTIVE_ARCH = YES;
				SDKROOT = iphoneos;
			};
			name = Debug;
		};
		50E66A1A166BBBDA00D657D8 /* Release */ = {
			isa = XCBuildConfiguration;
			buildSettings = {
				ALWAYS_SEARCH_USER_PATHS = NO;
				CLANG_CXX_LANGUAGE_STANDARD = "gnu++0x";
				CLANG_CXX_LIBRARY = "libc++";
				CLANG_ENABLE_OBJC_ARC = YES;
				CLANG_WARN_EMPTY_BODY = YES;
				CLANG_WARN__DUPLICATE_METHOD_MATCH = YES;
				"CODE_SIGN_IDENTITY[sdk=iphoneos*]" = "iPhone Developer";
				COPY_PHASE_STRIP = YES;
				GCC_C_LANGUAGE_STANDARD = gnu99;
				GCC_WARN_ABOUT_RETURN_TYPE = YES;
				GCC_WARN_UNINITIALIZED_AUTOS = YES;
				GCC_WARN_UNUSED_VARIABLE = YES;
				IPHONEOS_DEPLOYMENT_TARGET = 6.0;
				OTHER_CFLAGS = "-DNS_BLOCK_ASSERTIONS=1";
				SDKROOT = iphoneos;
				VALIDATE_PRODUCT = YES;
			};
			name = Release;
		};
		50E66A1C166BBBDA00D657D8 /* Debug */ = {
			isa = XCBuildConfiguration;
			buildSettings = {
				GCC_PRECOMPILE_PREFIX_HEADER = YES;
				GCC_PREFIX_HEADER = "ButtonPersistence/ButtonPersistence-Prefix.pch";
				INFOPLIST_FILE = "ButtonPersistence/ButtonPersistence-Info.plist";
				PRODUCT_NAME = "$(TARGET_NAME)";
				WRAPPER_EXTENSION = app;
			};
			name = Debug;
		};
		50E66A1D166BBBDA00D657D8 /* Release */ = {
			isa = XCBuildConfiguration;
			buildSettings = {
				GCC_PRECOMPILE_PREFIX_HEADER = YES;
				GCC_PREFIX_HEADER = "ButtonPersistence/ButtonPersistence-Prefix.pch";
				INFOPLIST_FILE = "ButtonPersistence/ButtonPersistence-Info.plist";
				PRODUCT_NAME = "$(TARGET_NAME)";
				WRAPPER_EXTENSION = app;
			};
			name = Release;
		};
/* End XCBuildConfiguration section */

/* Begin XCConfigurationList section */
		50E669F1166BBBDA00D657D8 /* Build configuration list for PBXProject "ButtonPersistence" */ = {
			isa = XCConfigurationList;
			buildConfigurations = (
				50E66A19166BBBDA00D657D8 /* Debug */,
				50E66A1A166BBBDA00D657D8 /* Release */,
			);
			defaultConfigurationIsVisible = 0;
			defaultConfigurationName = Release;
		};
		50E66A1B166BBBDA00D657D8 /* Build configuration list for PBXNativeTarget "ButtonPersistence" */ = {
			isa = XCConfigurationList;
			buildConfigurations = (
				50E66A1C166BBBDA00D657D8 /* Debug */,
				50E66A1D166BBBDA00D657D8 /* Release */,
			);
			defaultConfigurationIsVisible = 0;
		};
/* End XCConfigurationList section */
	};
	rootObject = 50E669EE166BBBDA00D657D8 /* Project object */;
}
